
Microsoft Visual Studio Solution File, Format Version 12.00
# Visual Studio Version 16
VisualStudioVersion = 16.0.29827.131
MinimumVisualStudioVersion = 10.0.40219.1
Project("{8BC9CEB8-8B4A-11D0-8D11-00A0C91BC942}") = "meterpreter_x64_asm", "x64\exe\meterpreter_x64_asm\meterpreter_x64_asm.vcxproj", "{8C683B73-95DF-4E19-8B35-ADF210316C30}"
EndProject
Project("{2150E333-8FDC-42A3-9474-1A3956D46DE8}") = "x64", "x64", "{2C0CE060-32BA-4013-80D0-256B12257B7A}"
EndProject
Project("{2150E333-8FDC-42A3-9474-1A3956D46DE8}") = "x86", "x86", "{B60C036F-10F4-4174-A685-6495DCD6F1A3}"
EndProject
Project("{8BC9CEB8-8B4A-11D0-8D11-00A0C91BC942}") = "meterpreter_x86_asm", "x86\exe\meterpreter_x86_asm\meterpreter_x86_asm.vcxproj", "{F36AA952-7A2F-43CD-8CE1-3484F229968C}"
EndProject
Project("{2150E333-8FDC-42A3-9474-1A3956D46DE8}") = "exe", "exe", "{AB49183C-D1E4-4930-93E7-3A39271549A3}"
EndProject
Project("{2150E333-8FDC-42A3-9474-1A3956D46DE8}") = "dll", "dll", "{F9C39406-6D79-48DC-BAAE-1A48522CBA3D}"
EndProject
Project("{2150E333-8FDC-42A3-9474-1A3956D46DE8}") = "exe", "exe", "{8A2BD5A7-7970-4A00-B62C-C30CB66A85F9}"
EndProject
Project("{2150E333-8FDC-42A3-9474-1A3956D46DE8}") = "dll", "dll", "{015D48FC-68D5-4AED-9DAE-5F026DD5F062}"
EndProject
Project("{2150E333-8FDC-42A3-9474-1A3956D46DE8}") = "generic", "generic", "{C01A9B3E-CDCF-4E5E-B4E8-079E6AA00246}"
EndProject
Project("{2150E333-8FDC-42A3-9474-1A3956D46DE8}") = "exe", "exe", "{EF513C77-4BF1-4CD1-94C2-DD19825A4777}"
EndProject
Project("{8BC9CEB8-8B4A-11D0-8D11-00A0C91BC942}") = "meterpreter_template", "generic\exe\meterpreter_template\meterpreter_template.vcxproj", "{E7EBF392-49AB-40E0-904B-55147F006870}"
EndProject
Project("{8BC9CEB8-8B4A-11D0-8D11-00A0C91BC942}") = "default_cpp_console_application", "generic\exe\default_cpp_console_application\default_cpp_console_application.vcxproj", "{EB5132D8-E5E6-4628-986C-AA94F50F752F}"
EndProject
Project("{2150E333-8FDC-42A3-9474-1A3956D46DE8}") = "dll", "dll", "{332E80E7-59E4-4928-B651-8EDB47BD4FBC}"
EndProject
Project("{8BC9CEB8-8B4A-11D0-8D11-00A0C91BC942}") = "meterpreter_dll_template", "generic\dll\meterpreter_dll_template\meterpreter_dll_template.vcxproj", "{0650699B-B709-4F94-8E30-C37C31952556}"
EndProject
Global
	GlobalSection(SolutionConfigurationPlatforms) = preSolution
		Debug|x64 = Debug|x64
		Debug|x86 = Debug|x86
		Release|x64 = Release|x64
		Release|x86 = Release|x86
	EndGlobalSection
	GlobalSection(ProjectConfigurationPlatforms) = postSolution
		{8C683B73-95DF-4E19-8B35-ADF210316C30}.Debug|x64.ActiveCfg = Debug|x64
		{8C683B73-95DF-4E19-8B35-ADF210316C30}.Debug|x64.Build.0 = Debug|x64
		{8C683B73-95DF-4E19-8B35-ADF210316C30}.Debug|x86.ActiveCfg = Debug|x64
		{8C683B73-95DF-4E19-8B35-ADF210316C30}.Release|x64.ActiveCfg = Release|x64
		{8C683B73-95DF-4E19-8B35-ADF210316C30}.Release|x64.Build.0 = Release|x64
		{8C683B73-95DF-4E19-8B35-ADF210316C30}.Release|x86.ActiveCfg = Release|x64
		{F36AA952-7A2F-43CD-8CE1-3484F229968C}.Debug|x64.ActiveCfg = Debug|Win32
		{F36AA952-7A2F-43CD-8CE1-3484F229968C}.Debug|x86.ActiveCfg = Debug|Win32
		{F36AA952-7A2F-43CD-8CE1-3484F229968C}.Debug|x86.Build.0 = Debug|Win32
		{F36AA952-7A2F-43CD-8CE1-3484F229968C}.Release|x64.ActiveCfg = Release|Win32
		{F36AA952-7A2F-43CD-8CE1-3484F229968C}.Release|x86.ActiveCfg = Release|Win32
		{F36AA952-7A2F-43CD-8CE1-3484F229968C}.Release|x86.Build.0 = Release|Win32
		{E7EBF392-49AB-40E0-904B-55147F006870}.Debug|x64.ActiveCfg = Debug|x64
		{E7EBF392-49AB-40E0-904B-55147F006870}.Debug|x64.Build.0 = Debug|x64
		{E7EBF392-49AB-40E0-904B-55147F006870}.Debug|x86.ActiveCfg = Debug|Win32
		{E7EBF392-49AB-40E0-904B-55147F006870}.Debug|x86.Build.0 = Debug|Win32
		{E7EBF392-49AB-40E0-904B-55147F006870}.Release|x64.ActiveCfg = Release|x64
		{E7EBF392-49AB-40E0-904B-55147F006870}.Release|x64.Build.0 = Release|x64
		{E7EBF392-49AB-40E0-904B-55147F006870}.Release|x86.ActiveCfg = Release|Win32
		{E7EBF392-49AB-40E0-904B-55147F006870}.Release|x86.Build.0 = Release|Win32
		{EB5132D8-E5E6-4628-986C-AA94F50F752F}.Debug|x64.ActiveCfg = Debug|x64
		{EB5132D8-E5E6-4628-986C-AA94F50F752F}.Debug|x64.Build.0 = Debug|x64
		{EB5132D8-E5E6-4628-986C-AA94F50F752F}.Debug|x86.ActiveCfg = Debug|Win32
		{EB5132D8-E5E6-4628-986C-AA94F50F752F}.Debug|x86.Build.0 = Debug|Win32
		{EB5132D8-E5E6-4628-986C-AA94F50F752F}.Release|x64.ActiveCfg = Release|x64
		{EB5132D8-E5E6-4628-986C-AA94F50F752F}.Release|x64.Build.0 = Release|x64
		{EB5132D8-E5E6-4628-986C-AA94F50F752F}.Release|x86.ActiveCfg = Release|Win32
		{EB5132D8-E5E6-4628-986C-AA94F50F752F}.Release|x86.Build.0 = Release|Win32
		{0650699B-B709-4F94-8E30-C37C31952556}.Debug|x64.ActiveCfg = Debug|x64
		{0650699B-B709-4F94-8E30-C37C31952556}.Debug|x64.Build.0 = Debug|x64
		{0650699B-B709-4F94-8E30-C37C31952556}.Debug|x86.ActiveCfg = Debug|Win32
		{0650699B-B709-4F94-8E30-C37C31952556}.Debug|x86.Build.0 = Debug|Win32
		{0650699B-B709-4F94-8E30-C37C31952556}.Release|x64.ActiveCfg = Release|x64
		{0650699B-B709-4F94-8E30-C37C31952556}.Release|x64.Build.0 = Release|x64
		{0650699B-B709-4F94-8E30-C37C31952556}.Release|x86.ActiveCfg = Release|Win32
		{0650699B-B709-4F94-8E30-C37C31952556}.Release|x86.Build.0 = Release|Win32
	EndGlobalSection
	GlobalSection(SolutionProperties) = preSolution
		HideSolutionNode = FALSE
	EndGlobalSection
	GlobalSection(NestedProjects) = preSolution
		{8C683B73-95DF-4E19-8B35-ADF210316C30} = {AB49183C-D1E4-4930-93E7-3A39271549A3}
		{F36AA952-7A2F-43CD-8CE1-3484F229968C} = {8A2BD5A7-7970-4A00-B62C-C30CB66A85F9}
		{AB49183C-D1E4-4930-93E7-3A39271549A3} = {2C0CE060-32BA-4013-80D0-256B12257B7A}
		{F9C39406-6D79-48DC-BAAE-1A48522CBA3D} = {2C0CE060-32BA-4013-80D0-256B12257B7A}
		{8A2BD5A7-7970-4A00-B62C-C30CB66A85F9} = {B60C036F-10F4-4174-A685-6495DCD6F1A3}
		{015D48FC-68D5-4AED-9DAE-5F026DD5F062} = {B60C036F-10F4-4174-A685-6495DCD6F1A3}
		{EF513C77-4BF1-4CD1-94C2-DD19825A4777} = {C01A9B3E-CDCF-4E5E-B4E8-079E6AA00246}
		{E7EBF392-49AB-40E0-904B-55147F006870} = {EF513C77-4BF1-4CD1-94C2-DD19825A4777}
		{EB5132D8-E5E6-4628-986C-AA94F50F752F} = {EF513C77-4BF1-4CD1-94C2-DD19825A4777}
		{332E80E7-59E4-4928-B651-8EDB47BD4FBC} = {C01A9B3E-CDCF-4E5E-B4E8-079E6AA00246}
		{0650699B-B709-4F94-8E30-C37C31952556} = {332E80E7-59E4-4928-B651-8EDB47BD4FBC}
	EndGlobalSection
	GlobalSection(ExtensibilityGlobals) = postSolution
		SolutionGuid = {DB6DE423-ED3B-4EB3-AEFC-DCA269C806D5}
	EndGlobalSection
EndGlobal
